
Microsoft Visual Studio Solution File, Format Version 12.00
# Visual Studio 15
VisualStudioVersion = 15.0.27703.2035
MinimumVisualStudioVersion = 10.0.40219.1
Project("{FAE04EC0-301F-11D3-BF4B-00C04F79EFBC}") = "TwitchChatVideo", "TwitchChatVideo\TwitchChatVideo.csproj", "{DD1BC2AD-A56D-4477-A25A-7A2C500DFE54}"
EndProject
Global
	GlobalSection(SolutionConfigurationPlatforms) = preSolution
		Debug|Any CPU = Debug|Any CPU
		Release|Any CPU = Release|Any CPU
	EndGlobalSection
	GlobalSection(ProjectConfigurationPlatforms) = postSolution
		{DD1BC2AD-A56D-4477-A25A-7A2C500DFE54}.Debug|Any CPU.ActiveCfg = Debug|Any CPU
		{DD1BC2AD-A56D-4477-A25A-7A2C500DFE54}.Debug|Any CPU.Build.0 = Debug|Any CPU
		{DD1BC2AD-A56D-4477-A25A-7A2C500DFE54}.Release|Any CPU.ActiveCfg = Release|Any CPU
		{DD1BC2AD-A56D-4477-A25A-7A2C500DFE54}.Release|Any CPU.Build.0 = Release|Any CPU
	EndGlobalSection
	GlobalSection(SolutionProperties) = preSolution
		HideSolutionNode = FALSE
	EndGlobalSection
	GlobalSection(ExtensibilityGlobals) = postSolution
		SolutionGuid = {38F05E7D-D000-489B-A7C6-26D0150FDC0F}
	EndGlobalSection
EndGlobal
